<?xml version="1.0" encoding="UTF-8" standalone="yes" ?>
<CodeBlocks_project_file>
	<FileVersion major="1" minor="6" />
	<Project>
		<Option title="Rosa" />
		<Option pch_mode="2" />
		<Option compiler="gcc" />
		<Build>
			<Target title="Debug Win32">
				<Option output="Debug Win32/Zeta" prefix_auto="1" extension_auto="1" />
				<Option working_dir="../../../Projects/Main/BakedContent" />
				<Option object_output="Debug Win32" />
				<Option type="0" />
				<Option compiler="gcc" />
				<Compiler>
					<Add option="-Wall" />
					<Add option="-g" />
					<Add option="-O0" />
					<Add option="-D_DEBUG" />
					<Add directory="./src" />
					<Add directory="../../Libraries/Core/src" />
					<Add directory="../../Libraries/Math/src" />
					<Add directory="../../Libraries/GLEW/src" />
					<Add directory="../../Libraries/3D/src" />
					<Add directory="../../Libraries/Audio/src" />
					<Add directory="../../Libraries/Framework/src" />
					<Add directory="../../Libraries/UI/src" />
					<Add directory="../../Libraries/Workbench/src" />
					<Add directory="../../Libraries/Rodin/src" />
					<Add directory="../../Libraries/ENet/src" />
					<Add directory="../../Libraries/zlib/src" />
				</Compiler>
				<ResourceCompiler>
					<Add directory="./src" />
					<Add directory="../../Libraries/Core/src" />
					<Add directory="../../Libraries/Math/src" />
					<Add directory="../../Libraries/GLEW/src" />
					<Add directory="../../Libraries/3D/src" />
					<Add directory="../../Libraries/Audio/src" />
					<Add directory="../../Libraries/Framework/src" />
					<Add directory="../../Libraries/UI/src" />
					<Add directory="../../Libraries/Workbench/src" />
					<Add directory="../../Libraries/Rodin/src" />
					<Add directory="../../Libraries/ENet/src" />
					<Add directory="../../Libraries/zlib/src" />
				</ResourceCompiler>
				<Linker>
					<Add option="-Wl,-R./" />
					<Add library="../../Libraries/Framework/Debug Win32/libFramework.a" />
					<Add library="../../Libraries/UI/Debug Win32/libUI.a" />
					<Add library="../../Libraries/Rodin/Debug Win32/libRodin.a" />
					<Add library="../../Libraries/Workbench/Debug Win32/libWorkbench.a" />
					<Add library="../../Libraries/Audio/Debug Win32/libAudio.a" />
					<Add library="../../Libraries/SoLoud/Debug Win32/libSoLoud.a" />
					<Add library="../../Libraries/3D/Debug Win32/lib3D.a" />
					<Add library="../../Libraries/GLEW/Debug Win32/libGLEW.a" />
					<Add library="../../Libraries/Math/Debug Win32/libMath.a" />
					<Add library="../../Libraries/Core/Debug Win32/libCore.a" />
					<Add library="../../Libraries/zlib/Debug Win32/libzlib.a" />
					<Add library="../../../Projects/Main/BakedContent/libsteam_api.so" />
					<Add library="SDL2" />
					<Add library="GL" />
					<Add library="rt" />
					<Add library="dl" />
					<Add library="pthread" />
					<Add directory="/home/david/Dev/fmodstudioapi10400linux/api/lowlevel/lib/x86" />
				</Linker>
			</Target>
			<Target title="Release Win32">
				<Option output="Release Win32/Zeta" prefix_auto="1" extension_auto="1" />
				<Option working_dir="../../../Projects/Main/BakedContent" />
				<Option object_output="Release Win32" />
				<Option type="0" />
				<Option compiler="gcc" />
				<Compiler>
					<Add option="-Wall" />
					<Add option="-DNDEBUG" />
					<Add directory="./src" />
					<Add directory="../../Libraries/Core/src" />
					<Add directory="../../Libraries/Math/src" />
					<Add directory="../../Libraries/GLEW/src" />
					<Add directory="../../Libraries/3D/src" />
					<Add directory="../../Libraries/Audio/src" />
					<Add directory="../../Libraries/Framework/src" />
					<Add directory="../../Libraries/UI/src" />
					<Add directory="../../Libraries/Workbench/src" />
					<Add directory="../../Libraries/Rodin/src" />
					<Add directory="../../Libraries/ENet/src" />
					<Add directory="../../Libraries/zlib/src" />
				</Compiler>
				<ResourceCompiler>
					<Add directory="./src" />
					<Add directory="../../Libraries/Core/src" />
					<Add directory="../../Libraries/Math/src" />
					<Add directory="../../Libraries/GLEW/src" />
					<Add directory="../../Libraries/3D/src" />
					<Add directory="../../Libraries/Audio/src" />
					<Add directory="../../Libraries/Framework/src" />
					<Add directory="../../Libraries/UI/src" />
					<Add directory="../../Libraries/Workbench/src" />
					<Add directory="../../Libraries/Rodin/src" />
					<Add directory="../../Libraries/ENet/src" />
					<Add directory="../../Libraries/zlib/src" />
				</ResourceCompiler>
				<Linker>
					<Add option="-Wl,-R./" />
					<Add library="../../Libraries/Framework/Release Win32/libFramework.a" />
					<Add library="../../Libraries/UI/Release Win32/libUI.a" />
					<Add library="../../Libraries/Rodin/Release Win32/libRodin.a" />
					<Add library="../../Libraries/Workbench/Release Win32/libWorkbench.a" />
					<Add library="../../Libraries/Audio/Release Win32/libAudio.a" />
					<Add library="../../Libraries/SoLoud/Release Win32/libSoLoud.a" />
					<Add library="../../Libraries/3D/Release Win32/lib3D.a" />
					<Add library="../../Libraries/GLEW/Release Win32/libGLEW.a" />
					<Add library="../../Libraries/Math/Release Win32/libMath.a" />
					<Add library="../../Libraries/Core/Release Win32/libCore.a" />
					<Add library="../../Libraries/zlib/Release Win32/libzlib.a" />
					<Add library="../../../Projects/Main/BakedContent/libsteam_api.so" />
					<Add library="SDL2" />
					<Add library="GL" />
					<Add library="rt" />
					<Add library="dl" />
					<Add library="pthread" />
					<Add directory="/home/david/Dev/fmodstudioapi10400linux/api/lowlevel/lib/x86" />
				</Linker>
			</Target>
			<Target title="Final Win32">
				<Option output="Final Win32/Zeta" prefix_auto="1" extension_auto="1" />
				<Option working_dir="../../../Projects/Main/BakedContent" />
				<Option object_output="Final Win32" />
				<Option type="0" />
				<Option compiler="gcc" />
				<Compiler>
					<Add option="-O3" />
					<Add option="-Wall" />
					<Add option="-DNDEBUG" />
					<Add option="-D_FINAL" />
					<Add directory="./src" />
					<Add directory="../../Libraries/Core/src" />
					<Add directory="../../Libraries/Math/src" />
					<Add directory="../../Libraries/GLEW/src" />
					<Add directory="../../Libraries/3D/src" />
					<Add directory="../../Libraries/Audio/src" />
					<Add directory="../../Libraries/Framework/src" />
					<Add directory="../../Libraries/UI/src" />
					<Add directory="../../Libraries/Workbench/src" />
					<Add directory="../../Libraries/Rodin/src" />
					<Add directory="../../Libraries/ENet/src" />
					<Add directory="../../Libraries/zlib/src" />
				</Compiler>
				<ResourceCompiler>
					<Add directory="./src" />
					<Add directory="../../Libraries/Core/src" />
					<Add directory="../../Libraries/Math/src" />
					<Add directory="../../Libraries/GLEW/src" />
					<Add directory="../../Libraries/3D/src" />
					<Add directory="../../Libraries/Audio/src" />
					<Add directory="../../Libraries/Framework/src" />
					<Add directory="../../Libraries/UI/src" />
					<Add directory="../../Libraries/Workbench/src" />
					<Add directory="../../Libraries/Rodin/src" />
					<Add directory="../../Libraries/ENet/src" />
					<Add directory="../../Libraries/zlib/src" />
				</ResourceCompiler>
				<Linker>
					<Add option="-Wl,-R./" />
					<Add library="../../Libraries/Framework/Final Win32/libFramework.a" />
					<Add library="../../Libraries/UI/Final Win32/libUI.a" />
					<Add library="../../Libraries/Rodin/Final Win32/libRodin.a" />
					<Add library="../../Libraries/Workbench/Final Win32/libWorkbench.a" />
					<Add library="../../Libraries/Audio/Final Win32/libAudio.a" />
					<Add library="../../Libraries/SoLoud/Final Win32/libSoLoud.a" />
					<Add library="../../Libraries/3D/Final Win32/lib3D.a" />
					<Add library="../../Libraries/GLEW/Final Win32/libGLEW.a" />
					<Add library="../../Libraries/Math/Final Win32/libMath.a" />
					<Add library="../../Libraries/Core/Final Win32/libCore.a" />
					<Add library="../../Libraries/zlib/Final Win32/libzlib.a" />
					<Add library="../../../Projects/Main/BakedContent/libsteam_api.so" />
					<Add library="SDL2" />
					<Add library="GL" />
					<Add library="rt" />
					<Add library="dl" />
					<Add library="pthread" />
					<Add directory="/home/david/Dev/fmodstudioapi10400linux/api/lowlevel/lib/x86" />
				</Linker>
			</Target>
		</Build>
		<Unit filename="Rosa.ico" />
		<Unit filename="resource.h" />
		<Unit filename="src/Achievements/achievementmanager_steam.cpp" />
		<Unit filename="src/Achievements/achievementmanager_steam.h" />
		<Unit filename="src/Achievements/iachievementmanager.h" />
		<Unit filename="src/Actions/wbactionrosaaddammo.cpp" />
		<Unit filename="src/Actions/wbactionrosaaddammo.h" />
		<Unit filename="src/Actions/wbactionrosaaddkeycard.cpp" />
		<Unit filename="src/Actions/wbactionrosaaddkeycard.h" />
		<Unit filename="src/Actions/wbactionrosaaddmoney.cpp" />
		<Unit filename="src/Actions/wbactionrosaaddmoney.h" />
		<Unit filename="src/Actions/wbactionrosaaddobjective.cpp" />
		<Unit filename="src/Actions/wbactionrosaaddobjective.h" />
		<Unit filename="src/Actions/wbactionrosaawardachievement.cpp" />
		<Unit filename="src/Actions/wbactionrosaawardachievement.h" />
		<Unit filename="src/Actions/wbactionrosabindinput.cpp" />
		<Unit filename="src/Actions/wbactionrosabindinput.h" />
		<Unit filename="src/Actions/wbactionrosabuyammo.cpp" />
		<Unit filename="src/Actions/wbactionrosabuyammo.h" />
		<Unit filename="src/Actions/wbactionrosacheckcone.cpp" />
		<Unit filename="src/Actions/wbactionrosacheckcone.h" />
		<Unit filename="src/Actions/wbactionrosacheckline.cpp" />
		<Unit filename="src/Actions/wbactionrosacheckline.h" />
		<Unit filename="src/Actions/wbactionrosachecksphere.cpp" />
		<Unit filename="src/Actions/wbactionrosachecksphere.h" />
		<Unit filename="src/Actions/wbactionrosaclearobjectives.cpp" />
		<Unit filename="src/Actions/wbactionrosaclearobjectives.h" />
		<Unit filename="src/Actions/wbactionrosacompleteobjective.cpp" />
		<Unit filename="src/Actions/wbactionrosacompleteobjective.h" />
		<Unit filename="src/Actions/wbactionrosaconditionalshowbook.cpp" />
		<Unit filename="src/Actions/wbactionrosaconditionalshowbook.h" />
		<Unit filename="src/Actions/wbactionrosaflushworldfiles.cpp" />
		<Unit filename="src/Actions/wbactionrosaflushworldfiles.h" />
		<Unit filename="src/Actions/wbactionrosafootstep.cpp" />
		<Unit filename="src/Actions/wbactionrosafootstep.h" />
		<Unit filename="src/Actions/wbactionrosagiveitem.cpp" />
		<Unit filename="src/Actions/wbactionrosagiveitem.h" />
		<Unit filename="src/Actions/wbactionrosagotolevel.cpp" />
		<Unit filename="src/Actions/wbactionrosagotolevel.h" />
		<Unit filename="src/Actions/wbactionrosaincrementstat.cpp" />
		<Unit filename="src/Actions/wbactionrosaincrementstat.h" />
		<Unit filename="src/Actions/wbactionrosalaunchwebsite.cpp" />
		<Unit filename="src/Actions/wbactionrosalaunchwebsite.h" />
		<Unit filename="src/Actions/wbactionrosaloadgame.cpp" />
		<Unit filename="src/Actions/wbactionrosaloadgame.h" />
		<Unit filename="src/Actions/wbactionrosalogmessage.cpp" />
		<Unit filename="src/Actions/wbactionrosalogmessage.h" />
		<Unit filename="src/Actions/wbactionrosaopenuserdatapath.cpp" />
		<Unit filename="src/Actions/wbactionrosaopenuserdatapath.h" />
		<Unit filename="src/Actions/wbactionrosaplayanim.cpp" />
		<Unit filename="src/Actions/wbactionrosaplayanim.h" />
		<Unit filename="src/Actions/wbactionrosaplaybark.cpp" />
		<Unit filename="src/Actions/wbactionrosaplaybark.h" />
		<Unit filename="src/Actions/wbactionrosaplayhandanim.cpp" />
		<Unit filename="src/Actions/wbactionrosaplayhandanim.h" />
		<Unit filename="src/Actions/wbactionrosaplaysound.cpp" />
		<Unit filename="src/Actions/wbactionrosaplaysound.h" />
		<Unit filename="src/Actions/wbactionrosaprogressconversation.cpp" />
		<Unit filename="src/Actions/wbactionrosaprogressconversation.h" />
		<Unit filename="src/Actions/wbactionrosapublishresults.cpp" />
		<Unit filename="src/Actions/wbactionrosapublishresults.h" />
		<Unit filename="src/Actions/wbactionrosaremoveammo.cpp" />
		<Unit filename="src/Actions/wbactionrosaremoveammo.h" />
		<Unit filename="src/Actions/wbactionrosaremovekeycard.cpp" />
		<Unit filename="src/Actions/wbactionrosaremovekeycard.h" />
		<Unit filename="src/Actions/wbactionrosaremovemoney.cpp" />
		<Unit filename="src/Actions/wbactionrosaremovemoney.h" />
		<Unit filename="src/Actions/wbactionrosareturntotitle.cpp" />
		<Unit filename="src/Actions/wbactionrosareturntotitle.h" />
		<Unit filename="src/Actions/wbactionrosasavegame.cpp" />
		<Unit filename="src/Actions/wbactionrosasavegame.h" />
		<Unit filename="src/Actions/wbactionrosaselectcharacterpreset.cpp" />
		<Unit filename="src/Actions/wbactionrosaselectcharacterpreset.h" />
		<Unit filename="src/Actions/wbactionrosaselectconversationchoice.cpp" />
		<Unit filename="src/Actions/wbactionrosaselectconversationchoice.h" />
		<Unit filename="src/Actions/wbactionrosasetconvostate.cpp" />
		<Unit filename="src/Actions/wbactionrosasetconvostate.h" />
		<Unit filename="src/Actions/wbactionrosasetlanguage.cpp" />
		<Unit filename="src/Actions/wbactionrosasetlanguage.h" />
		<Unit filename="src/Actions/wbactionrosasetlight.cpp" />
		<Unit filename="src/Actions/wbactionrosasetlight.h" />
		<Unit filename="src/Actions/wbactionrosasetlightcolor.cpp" />
		<Unit filename="src/Actions/wbactionrosasetlightcolor.h" />
		<Unit filename="src/Actions/wbactionrosasetpersistentvar.cpp" />
		<Unit filename="src/Actions/wbactionrosasetpersistentvar.h" />
		<Unit filename="src/Actions/wbactionrosasetstat.cpp" />
		<Unit filename="src/Actions/wbactionrosasetstat.h" />
		<Unit filename="src/Actions/wbactionrosasettexture.cpp" />
		<Unit filename="src/Actions/wbactionrosasettexture.h" />
		<Unit filename="src/Actions/wbactionrosashowbook.cpp" />
		<Unit filename="src/Actions/wbactionrosashowbook.h" />
		<Unit filename="src/Actions/wbactionrosaspawndecal.cpp" />
		<Unit filename="src/Actions/wbactionrosaspawndecal.h" />
		<Unit filename="src/Actions/wbactionrosaspawnentity.cpp" />
		<Unit filename="src/Actions/wbactionrosaspawnentity.h" />
		<Unit filename="src/Actions/wbactionrosastartconversation.cpp" />
		<Unit filename="src/Actions/wbactionrosastartconversation.h" />
		<Unit filename="src/Actions/wbactionrosastopmotion.cpp" />
		<Unit filename="src/Actions/wbactionrosastopmotion.h" />
		<Unit filename="src/Actions/wbactionrosateleportto.cpp" />
		<Unit filename="src/Actions/wbactionrosateleportto.h" />
		<Unit filename="src/AnimEvents/animeventrosaexecuteaction.cpp" />
		<Unit filename="src/AnimEvents/animeventrosaexecuteaction.h" />
		<Unit filename="src/AnimEvents/animeventrosasendevent.cpp" />
		<Unit filename="src/AnimEvents/animeventrosasendevent.h" />
		<Unit filename="src/BTNodes/rodinbtnoderosachecktrace.cpp" />
		<Unit filename="src/BTNodes/rodinbtnoderosachecktrace.h" />
		<Unit filename="src/BTNodes/rodinbtnoderosalookat.cpp" />
		<Unit filename="src/BTNodes/rodinbtnoderosalookat.h" />
		<Unit filename="src/BTNodes/rodinbtnoderosamoveto.cpp" />
		<Unit filename="src/BTNodes/rodinbtnoderosamoveto.h" />
		<Unit filename="src/BTNodes/rodinbtnoderosaplayanim.cpp" />
		<Unit filename="src/BTNodes/rodinbtnoderosaplayanim.h" />
		<Unit filename="src/BTNodes/rodinbtnoderosaplaybark.cpp" />
		<Unit filename="src/BTNodes/rodinbtnoderosaplaybark.h" />
		<Unit filename="src/BTNodes/rodinbtnoderosastopmoving.cpp" />
		<Unit filename="src/BTNodes/rodinbtnoderosastopmoving.h" />
		<Unit filename="src/BTNodes/rodinbtnoderosaturntoward.cpp" />
		<Unit filename="src/BTNodes/rodinbtnoderosaturntoward.h" />
		<Unit filename="src/Components/wbcomprodinbehaviortree_debugrender.cpp" />
		<Unit filename="src/Components/wbcomprosaaimotion.cpp" />
		<Unit filename="src/Components/wbcomprosaaimotion.h" />
		<Unit filename="src/Components/wbcomprosaalarmbox.cpp" />
		<Unit filename="src/Components/wbcomprosaalarmbox.h" />
		<Unit filename="src/Components/wbcomprosaalarmtripper.cpp" />
		<Unit filename="src/Components/wbcomprosaalarmtripper.h" />
		<Unit filename="src/Components/wbcomprosaammobag.cpp" />
		<Unit filename="src/Components/wbcomprosaammobag.h" />
		<Unit filename="src/Components/wbcomprosaanchor.cpp" />
		<Unit filename="src/Components/wbcomprosaanchor.h" />
		<Unit filename="src/Components/wbcomprosaantilight.cpp" />
		<Unit filename="src/Components/wbcomprosaantilight.h" />
		<Unit filename="src/Components/wbcomprosacamera.cpp" />
		<Unit filename="src/Components/wbcomprosacamera.h" />
		<Unit filename="src/Components/wbcomprosacampaignartifact.cpp" />
		<Unit filename="src/Components/wbcomprosacampaignartifact.h" />
		<Unit filename="src/Components/wbcomprosacharacter.cpp" />
		<Unit filename="src/Components/wbcomprosacharacter.h" />
		<Unit filename="src/Components/wbcomprosacharacterconfig.cpp" />
		<Unit filename="src/Components/wbcomprosacharacterconfig.h" />
		<Unit filename="src/Components/wbcomprosaclimbable.cpp" />
		<Unit filename="src/Components/wbcomprosaclimbable.h" />
		<Unit filename="src/Components/wbcomprosacollectible.cpp" />
		<Unit filename="src/Components/wbcomprosacollectible.h" />
		<Unit filename="src/Components/wbcomprosacollision.cpp" />
		<Unit filename="src/Components/wbcomprosacollision.h" />
		<Unit filename="src/Components/wbcomprosadamageeffects.cpp" />
		<Unit filename="src/Components/wbcomprosadamageeffects.h" />
		<Unit filename="src/Components/wbcomprosadecal.cpp" />
		<Unit filename="src/Components/wbcomprosadecal.h" />
		<Unit filename="src/Components/wbcomprosadoor.cpp" />
		<Unit filename="src/Components/wbcomprosadoor.h" />
		<Unit filename="src/Components/wbcomprosafaction.cpp" />
		<Unit filename="src/Components/wbcomprosafaction.h" />
		<Unit filename="src/Components/wbcomprosafootsteps.cpp" />
		<Unit filename="src/Components/wbcomprosafootsteps.h" />
		<Unit filename="src/Components/wbcomprosafrobbable.cpp" />
		<Unit filename="src/Components/wbcomprosafrobbable.h" />
		<Unit filename="src/Components/wbcomprosafrobber.cpp" />
		<Unit filename="src/Components/wbcomprosafrobber.h" />
		<Unit filename="src/Components/wbcomprosahackable.cpp" />
		<Unit filename="src/Components/wbcomprosahackable.h" />
		<Unit filename="src/Components/wbcomprosahands.cpp" />
		<Unit filename="src/Components/wbcomprosahands.h" />
		<Unit filename="src/Components/wbcomprosaheadshot.cpp" />
		<Unit filename="src/Components/wbcomprosaheadshot.h" />
		<Unit filename="src/Components/wbcomprosaheadtracker.cpp" />
		<Unit filename="src/Components/wbcomprosaheadtracker.h" />
		<Unit filename="src/Components/wbcomprosahealth.cpp" />
		<Unit filename="src/Components/wbcomprosahealth.h" />
		<Unit filename="src/Components/wbcomprosahitbox.cpp" />
		<Unit filename="src/Components/wbcomprosahitbox.h" />
		<Unit filename="src/Components/wbcomprosahudmarker.cpp" />
		<Unit filename="src/Components/wbcomprosahudmarker.h" />
		<Unit filename="src/Components/wbcomprosaicicles.cpp" />
		<Unit filename="src/Components/wbcomprosaicicles.h" />
		<Unit filename="src/Components/wbcomprosainventory.cpp" />
		<Unit filename="src/Components/wbcomprosainventory.h" />
		<Unit filename="src/Components/wbcomprosaitem.cpp" />
		<Unit filename="src/Components/wbcomprosaitem.h" />
		<Unit filename="src/Components/wbcomprosajukebox.cpp" />
		<Unit filename="src/Components/wbcomprosajukebox.h" />
		<Unit filename="src/Components/wbcomprosakeyring.cpp" />
		<Unit filename="src/Components/wbcomprosakeyring.h" />
		<Unit filename="src/Components/wbcomprosalight.cpp" />
		<Unit filename="src/Components/wbcomprosalight.h" />
		<Unit filename="src/Components/wbcomprosalinkedentities.cpp" />
		<Unit filename="src/Components/wbcomprosalinkedentities.h" />
		<Unit filename="src/Components/wbcomprosalock.cpp" />
		<Unit filename="src/Components/wbcomprosalock.h" />
		<Unit filename="src/Components/wbcomprosaloottable.cpp" />
		<Unit filename="src/Components/wbcomprosaloottable.h" />
		<Unit filename="src/Components/wbcomprosamapmarker.cpp" />
		<Unit filename="src/Components/wbcomprosamapmarker.h" />
		<Unit filename="src/Components/wbcomprosamarkup.cpp" />
		<Unit filename="src/Components/wbcomprosamarkup.h" />
		<Unit filename="src/Components/wbcomprosamedkit.cpp" />
		<Unit filename="src/Components/wbcomprosamedkit.h" />
		<Unit filename="src/Components/wbcomprosamesh.cpp" />
		<Unit filename="src/Components/wbcomprosamesh.h" />
		<Unit filename="src/Components/wbcomprosaobjectives.cpp" />
		<Unit filename="src/Components/wbcomprosaobjectives.h" />
		<Unit filename="src/Components/wbcomprosaparticles.cpp" />
		<Unit filename="src/Components/wbcomprosaparticles.h" />
		<Unit filename="src/Components/wbcomprosapatrolpath.cpp" />
		<Unit filename="src/Components/wbcomprosapatrolpath.h" />
		<Unit filename="src/Components/wbcomprosapickup.cpp" />
		<Unit filename="src/Components/wbcomprosapickup.h" />
		<Unit filename="src/Components/wbcomprosaplayer.cpp" />
		<Unit filename="src/Components/wbcomprosaplayer.h" />
		<Unit filename="src/Components/wbcomprosaposeop.cpp" />
		<Unit filename="src/Components/wbcomprosaposeop.h" />
		<Unit filename="src/Components/wbcomprosapowerteleport.cpp" />
		<Unit filename="src/Components/wbcomprosapowerteleport.h" />
		<Unit filename="src/Components/wbcomprosaragdoll.cpp" />
		<Unit filename="src/Components/wbcomprosaragdoll.h" />
		<Unit filename="src/Components/wbcomprosareadable.cpp" />
		<Unit filename="src/Components/wbcomprosareadable.h" />
		<Unit filename="src/Components/wbcomprosarepulsor.cpp" />
		<Unit filename="src/Components/wbcomprosarepulsor.h" />
		<Unit filename="src/Components/wbcomprosarespawner.cpp" />
		<Unit filename="src/Components/wbcomprosarespawner.h" />
		<Unit filename="src/Components/wbcomprosarope.cpp" />
		<Unit filename="src/Components/wbcomprosarope.h" />
		<Unit filename="src/Components/wbcomprosaseccam.cpp" />
		<Unit filename="src/Components/wbcomprosaseccam.h" />
		<Unit filename="src/Components/wbcomprosasensor.cpp" />
		<Unit filename="src/Components/wbcomprosasensor.h" />
		<Unit filename="src/Components/wbcomprosasensorbump.cpp" />
		<Unit filename="src/Components/wbcomprosasensorbump.h" />
		<Unit filename="src/Components/wbcomprosasensordamage.cpp" />
		<Unit filename="src/Components/wbcomprosasensordamage.h" />
		<Unit filename="src/Components/wbcomprosasensorhearing.cpp" />
		<Unit filename="src/Components/wbcomprosasensorhearing.h" />
		<Unit filename="src/Components/wbcomprosasensormarkup.cpp" />
		<Unit filename="src/Components/wbcomprosasensormarkup.h" />
		<Unit filename="src/Components/wbcomprosasensorpatrol.cpp" />
		<Unit filename="src/Components/wbcomprosasensorpatrol.h" />
		<Unit filename="src/Components/wbcomprosasensorpoll.cpp" />
		<Unit filename="src/Components/wbcomprosasensorpoll.h" />
		<Unit filename="src/Components/wbcomprosasensorrepulsor.cpp" />
		<Unit filename="src/Components/wbcomprosasensorrepulsor.h" />
		<Unit filename="src/Components/wbcomprosasensortheft.cpp" />
		<Unit filename="src/Components/wbcomprosasensortheft.h" />
		<Unit filename="src/Components/wbcomprosasensorvision.cpp" />
		<Unit filename="src/Components/wbcomprosasensorvision.h" />
		<Unit filename="src/Components/wbcomprosasign.cpp" />
		<Unit filename="src/Components/wbcomprosasign.h" />
		<Unit filename="src/Components/wbcomprosasignreader.cpp" />
		<Unit filename="src/Components/wbcomprosasignreader.h" />
		<Unit filename="src/Components/wbcomprosasleeper.cpp" />
		<Unit filename="src/Components/wbcomprosasleeper.h" />
		<Unit filename="src/Components/wbcomprosasound.cpp" />
		<Unit filename="src/Components/wbcomprosasound.h" />
		<Unit filename="src/Components/wbcomprosaspawnmanager.cpp" />
		<Unit filename="src/Components/wbcomprosaspawnmanager.h" />
		<Unit filename="src/Components/wbcomprosaspikes.cpp" />
		<Unit filename="src/Components/wbcomprosaspikes.h" />
		<Unit filename="src/Components/wbcomprosaspin.cpp" />
		<Unit filename="src/Components/wbcomprosaspin.h" />
		<Unit filename="src/Components/wbcomprosastim.cpp" />
		<Unit filename="src/Components/wbcomprosastim.h" />
		<Unit filename="src/Components/wbcomprosaswitch.cpp" />
		<Unit filename="src/Components/wbcomprosaswitch.h" />
		<Unit filename="src/Components/wbcomprosaswitchable.cpp" />
		<Unit filename="src/Components/wbcomprosaswitchable.h" />
		<Unit filename="src/Components/wbcomprosathinker.cpp" />
		<Unit filename="src/Components/wbcomprosathinker.h" />
		<Unit filename="src/Components/wbcomprosathinkernpctarget.cpp" />
		<Unit filename="src/Components/wbcomprosathinkernpctarget.h" />
		<Unit filename="src/Components/wbcomprosathinkerpatrol.cpp" />
		<Unit filename="src/Components/wbcomprosathinkerpatrol.h" />
		<Unit filename="src/Components/wbcomprosathinkertarget.cpp" />
		<Unit filename="src/Components/wbcomprosathinkertarget.h" />
		<Unit filename="src/Components/wbcomprosatransform.cpp" />
		<Unit filename="src/Components/wbcomprosatransform.h" />
		<Unit filename="src/Components/wbcomprosatrapbolt.cpp" />
		<Unit filename="src/Components/wbcomprosatrapbolt.h" />
		<Unit filename="src/Components/wbcomprosaupgrades.cpp" />
		<Unit filename="src/Components/wbcomprosaupgrades.h" />
		<Unit filename="src/Components/wbcomprosavisible.cpp" />
		<Unit filename="src/Components/wbcomprosavisible.h" />
		<Unit filename="src/Components/wbcomprosawallet.cpp" />
		<Unit filename="src/Components/wbcomprosawallet.h" />
		<Unit filename="src/Components/wbcomprosaweapon.cpp" />
		<Unit filename="src/Components/wbcomprosaweapon.h" />
		<Unit filename="src/Components/wbrosacomponent.cpp" />
		<Unit filename="src/Components/wbrosacomponent.h" />
		<Unit filename="src/PEs/wbperosacampaignmodify.cpp" />
		<Unit filename="src/PEs/wbperosacampaignmodify.h" />
		<Unit filename="src/PEs/wbperosaconvoselector.cpp" />
		<Unit filename="src/PEs/wbperosaconvoselector.h" />
		<Unit filename="src/PEs/wbperosadeadreckoning.cpp" />
		<Unit filename="src/PEs/wbperosadeadreckoning.h" />
		<Unit filename="src/PEs/wbperosadistance.cpp" />
		<Unit filename="src/PEs/wbperosadistance.h" />
		<Unit filename="src/PEs/wbperosagetbestcycleslot.cpp" />
		<Unit filename="src/PEs/wbperosagetbestcycleslot.h" />
		<Unit filename="src/PEs/wbperosagetbonelocation.cpp" />
		<Unit filename="src/PEs/wbperosagetbonelocation.h" />
		<Unit filename="src/PEs/wbperosagetcharactervo.cpp" />
		<Unit filename="src/PEs/wbperosagetcharactervo.h" />
		<Unit filename="src/PEs/wbperosagetfaction.cpp" />
		<Unit filename="src/PEs/wbperosagetfaction.h" />
		<Unit filename="src/PEs/wbperosagetitem.cpp" />
		<Unit filename="src/PEs/wbperosagetitem.h" />
		<Unit filename="src/PEs/wbperosagetlocation.cpp" />
		<Unit filename="src/PEs/wbperosagetlocation.h" />
		<Unit filename="src/PEs/wbperosagetorientation.cpp" />
		<Unit filename="src/PEs/wbperosagetorientation.h" />
		<Unit filename="src/PEs/wbperosagetpersistentvar.cpp" />
		<Unit filename="src/PEs/wbperosagetpersistentvar.h" />
		<Unit filename="src/PEs/wbperosagetslot.cpp" />
		<Unit filename="src/PEs/wbperosagetslot.h" />
		<Unit filename="src/PEs/wbperosagetspeed.cpp" />
		<Unit filename="src/PEs/wbperosagetspeed.h" />
		<Unit filename="src/PEs/wbperosagetspeedlimit.cpp" />
		<Unit filename="src/PEs/wbperosagetspeedlimit.h" />
		<Unit filename="src/PEs/wbperosagetsurfaceproperty.cpp" />
		<Unit filename="src/PEs/wbperosagetsurfaceproperty.h" />
		<Unit filename="src/PEs/wbperosagetvelocity.cpp" />
		<Unit filename="src/PEs/wbperosagetvelocity.h" />
		<Unit filename="src/PEs/wbperosahasammo.cpp" />
		<Unit filename="src/PEs/wbperosahasammo.h" />
		<Unit filename="src/PEs/wbperosahaskeycard.cpp" />
		<Unit filename="src/PEs/wbperosahaskeycard.h" />
		<Unit filename="src/PEs/wbperosahasmoney.cpp" />
		<Unit filename="src/PEs/wbperosahasmoney.h" />
		<Unit filename="src/PEs/wbperosahasmrusave.cpp" />
		<Unit filename="src/PEs/wbperosahasmrusave.h" />
		<Unit filename="src/PEs/wbperosaheadshot.cpp" />
		<Unit filename="src/PEs/wbperosaheadshot.h" />
		<Unit filename="src/PEs/wbperosaisconvostate.cpp" />
		<Unit filename="src/PEs/wbperosaisconvostate.h" />
		<Unit filename="src/PEs/wbperosaisdifficulty.cpp" />
		<Unit filename="src/PEs/wbperosaisdifficulty.h" />
		<Unit filename="src/PEs/wbperosaisinfrontof.cpp" />
		<Unit filename="src/PEs/wbperosaisinfrontof.h" />
		<Unit filename="src/PEs/wbperosaisinsidedoor.cpp" />
		<Unit filename="src/PEs/wbperosaisinsidedoor.h" />
		<Unit filename="src/PEs/wbperosaisobjectivecomplete.cpp" />
		<Unit filename="src/PEs/wbperosaisobjectivecomplete.h" />
		<Unit filename="src/PEs/wbperosaplayer.cpp" />
		<Unit filename="src/PEs/wbperosaplayer.h" />
		<Unit filename="src/SDPs/sdprosaambientlight.cpp" />
		<Unit filename="src/SDPs/sdprosaambientlight.h" />
		<Unit filename="src/SDPs/sdprosaantilight.cpp" />
		<Unit filename="src/SDPs/sdprosaantilight.h" />
		<Unit filename="src/SDPs/sdprosabloom.cpp" />
		<Unit filename="src/SDPs/sdprosabloom.h" />
		<Unit filename="src/SDPs/sdprosabloomclip.cpp" />
		<Unit filename="src/SDPs/sdprosabloomclip.h" />
		<Unit filename="src/SDPs/sdprosacharacter.cpp" />
		<Unit filename="src/SDPs/sdprosacharacter.h" />
		<Unit filename="src/SDPs/sdprosadecal.cpp" />
		<Unit filename="src/SDPs/sdprosadecal.h" />
		<Unit filename="src/SDPs/sdprosaedge.cpp" />
		<Unit filename="src/SDPs/sdprosaedge.h" />
		<Unit filename="src/SDPs/sdprosaentity.cpp" />
		<Unit filename="src/SDPs/sdprosaentity.h" />
		<Unit filename="src/SDPs/sdprosafoglight.cpp" />
		<Unit filename="src/SDPs/sdprosafoglight.h" />
		<Unit filename="src/SDPs/sdprosafogmesh.cpp" />
		<Unit filename="src/SDPs/sdprosafogmesh.h" />
		<Unit filename="src/SDPs/sdprosafoliage.cpp" />
		<Unit filename="src/SDPs/sdprosafoliage.h" />
		<Unit filename="src/SDPs/sdprosafxaa.cpp" />
		<Unit filename="src/SDPs/sdprosafxaa.h" />
		<Unit filename="src/SDPs/sdprosageo.cpp" />
		<Unit filename="src/SDPs/sdprosageo.h" />
		<Unit filename="src/SDPs/sdprosagradient.cpp" />
		<Unit filename="src/SDPs/sdprosagradient.h" />
		<Unit filename="src/SDPs/sdprosahud.cpp" />
		<Unit filename="src/SDPs/sdprosahud.h" />
		<Unit filename="src/SDPs/sdprosahudcalibration.cpp" />
		<Unit filename="src/SDPs/sdprosahudcalibration.h" />
		<Unit filename="src/SDPs/sdprosalight.cpp" />
		<Unit filename="src/SDPs/sdprosalight.h" />
		<Unit filename="src/SDPs/sdprosalightcombine.cpp" />
		<Unit filename="src/SDPs/sdprosalightcombine.h" />
		<Unit filename="src/SDPs/sdprosaminimapa.cpp" />
		<Unit filename="src/SDPs/sdprosaminimapa.h" />
		<Unit filename="src/SDPs/sdprosaminimapb.cpp" />
		<Unit filename="src/SDPs/sdprosaminimapb.h" />
		<Unit filename="src/SDPs/sdprosapost.cpp" />
		<Unit filename="src/SDPs/sdprosapost.h" />
		<Unit filename="src/SDPs/sdprosapostcheap.cpp" />
		<Unit filename="src/SDPs/sdprosapostcheap.h" />
		<Unit filename="src/SDPs/sdprosapostwatercolor.cpp" />
		<Unit filename="src/SDPs/sdprosapostwatercolor.h" />
		<Unit filename="src/SDPs/sdprosasky.cpp" />
		<Unit filename="src/SDPs/sdprosasky.h" />
		<Unit filename="src/SDPs/sdprosassao.cpp" />
		<Unit filename="src/SDPs/sdprosassao.h" />
		<Unit filename="src/SDPs/sdprosawater.cpp" />
		<Unit filename="src/SDPs/sdprosawater.h" />
		<Unit filename="src/SDPs/sdprosawaterflow.cpp" />
		<Unit filename="src/SDPs/sdprosawaterflow.h" />
		<Unit filename="src/Screens/uiscreen-rosabindinputs.cpp" />
		<Unit filename="src/Screens/uiscreen-rosabindinputs.h" />
		<Unit filename="src/Screens/uiscreen-rosacampaign.cpp" />
		<Unit filename="src/Screens/uiscreen-rosacampaign.h" />
		<Unit filename="src/Screens/uiscreen-rosacharacterconfig.cpp" />
		<Unit filename="src/Screens/uiscreen-rosacharacterconfig.h" />
		<Unit filename="src/Screens/uiscreen-rosaconversation.cpp" />
		<Unit filename="src/Screens/uiscreen-rosaconversation.h" />
		<Unit filename="src/Screens/uiscreen-rosacredits.cpp" />
		<Unit filename="src/Screens/uiscreen-rosacredits.h" />
		<Unit filename="src/Screens/uiscreen-rosahacking.cpp" />
		<Unit filename="src/Screens/uiscreen-rosahacking.h" />
		<Unit filename="src/Screens/uiscreen-rosakeypad.cpp" />
		<Unit filename="src/Screens/uiscreen-rosakeypad.h" />
		<Unit filename="src/Screens/uiscreen-rosalanguages.cpp" />
		<Unit filename="src/Screens/uiscreen-rosalanguages.h" />
		<Unit filename="src/Screens/uiscreen-rosaload.cpp" />
		<Unit filename="src/Screens/uiscreen-rosaload.h" />
		<Unit filename="src/Screens/uiscreen-rosanewgame.cpp" />
		<Unit filename="src/Screens/uiscreen-rosanewgame.h" />
		<Unit filename="src/Screens/uiscreen-rosaradial.cpp" />
		<Unit filename="src/Screens/uiscreen-rosaradial.h" />
		<Unit filename="src/Screens/uiscreen-rosasave.cpp" />
		<Unit filename="src/Screens/uiscreen-rosasave.h" />
		<Unit filename="src/Screens/uiscreen-rosasetres.cpp" />
		<Unit filename="src/Screens/uiscreen-rosasetres.h" />
		<Unit filename="src/exceptionwritesteamminidump.cpp" />
		<Unit filename="src/main.cpp" />
		<Unit filename="src/objcjunk.h" />
		<Unit filename="src/rosaanimevents.h" />
		<Unit filename="src/rosacampaign.cpp" />
		<Unit filename="src/rosacampaign.h" />
		<Unit filename="src/rosacloudmanager.cpp" />
		<Unit filename="src/rosacloudmanager.h" />
		<Unit filename="src/rosaconversation.cpp" />
		<Unit filename="src/rosaconversation.h" />
		<Unit filename="src/rosadamage.cpp" />
		<Unit filename="src/rosadamage.h" />
		<Unit filename="src/rosadifficulty.cpp" />
		<Unit filename="src/rosadifficulty.h" />
		<Unit filename="src/rosafactions.cpp" />
		<Unit filename="src/rosafactions.h" />
		<Unit filename="src/rosaframework.cpp" />
		<Unit filename="src/rosaframework.h" />
		<Unit filename="src/rosagame.cpp" />
		<Unit filename="src/rosagame.h" />
		<Unit filename="src/rosahacking.cpp" />
		<Unit filename="src/rosahacking.h" />
		<Unit filename="src/rosahudlog.cpp" />
		<Unit filename="src/rosahudlog.h" />
		<Unit filename="src/rosaintro.cpp" />
		<Unit filename="src/rosaintro.h" />
		<Unit filename="src/rosairradiance.cpp" />
		<Unit filename="src/rosairradiance.h" />
		<Unit filename="src/rosalockpicking.cpp" />
		<Unit filename="src/rosalockpicking.h" />
		<Unit filename="src/rosamesh.cpp" />
		<Unit filename="src/rosamesh.h" />
		<Unit filename="src/rosamusic.cpp" />
		<Unit filename="src/rosamusic.h" />
		<Unit filename="src/rosanav.cpp" />
		<Unit filename="src/rosanav.h" />
		<Unit filename="src/rosaparticles.cpp" />
		<Unit filename="src/rosaparticles.h" />
		<Unit filename="src/rosapersistence.cpp" />
		<Unit filename="src/rosapersistence.h" />
		<Unit filename="src/rosarodinbtnodes.h" />
		<Unit filename="src/rosaroom-editor.cpp" />
		<Unit filename="src/rosaroom-editor.h" />
		<Unit filename="src/rosaroom.cpp" />
		<Unit filename="src/rosaroom.h" />
		<Unit filename="src/rosasaveload.cpp" />
		<Unit filename="src/rosasaveload.h" />
		<Unit filename="src/rosasdps.h" />
		<Unit filename="src/rosasound3dlistener.cpp" />
		<Unit filename="src/rosasound3dlistener.h" />
		<Unit filename="src/rosasupertitles.cpp" />
		<Unit filename="src/rosasupertitles.h" />
		<Unit filename="src/rosasurfaces.cpp" />
		<Unit filename="src/rosasurfaces.h" />
		<Unit filename="src/rosatargetmanager.cpp" />
		<Unit filename="src/rosatargetmanager.h" />
		<Unit filename="src/rosatools-static.cpp" />
		<Unit filename="src/rosatools.cpp" />
		<Unit filename="src/rosatools.h" />
		<Unit filename="src/rosauiscreens.h" />
		<Unit filename="src/rosawardrobe.cpp" />
		<Unit filename="src/rosawardrobe.h" />
		<Unit filename="src/rosawbactions.h" />
		<Unit filename="src/rosawbcomponents.h" />
		<Unit filename="src/rosawbpes.h" />
		<Unit filename="src/rosawbscenehelpers.cpp" />
		<Unit filename="src/rosawbscenehelpers.h" />
		<Unit filename="src/rosaworld.cpp" />
		<Unit filename="src/rosaworld.h" />
		<Unit filename="src/rosaworldcubemap.cpp" />
		<Unit filename="src/rosaworldcubemap.h" />
		<Unit filename="src/rosaworldgen.cpp" />
		<Unit filename="src/rosaworldgen.h" />
		<Unit filename="src/rosaworldtexture.cpp" />
		<Unit filename="src/rosaworldtexture.h" />
		<Unit filename="src/steam/isteamapplist.h" />
		<Unit filename="src/steam/isteamapps.h" />
		<Unit filename="src/steam/isteamappticket.h" />
		<Unit filename="src/steam/isteamclient.h" />
		<Unit filename="src/steam/isteamcontroller.h" />
		<Unit filename="src/steam/isteamfriends.h" />
		<Unit filename="src/steam/isteamgamecoordinator.h" />
		<Unit filename="src/steam/isteamgameserver.h" />
		<Unit filename="src/steam/isteamgameserverstats.h" />
		<Unit filename="src/steam/isteamhtmlsurface.h" />
		<Unit filename="src/steam/isteamhttp.h" />
		<Unit filename="src/steam/isteaminventory.h" />
		<Unit filename="src/steam/isteammasterserverupdater.h" />
		<Unit filename="src/steam/isteammatchmaking.h" />
		<Unit filename="src/steam/isteammusic.h" />
		<Unit filename="src/steam/isteammusicremote.h" />
		<Unit filename="src/steam/isteamnetworking.h" />
		<Unit filename="src/steam/isteamparentalsettings.h" />
		<Unit filename="src/steam/isteamps3overlayrenderer.h" />
		<Unit filename="src/steam/isteamremotestorage.h" />
		<Unit filename="src/steam/isteamscreenshots.h" />
		<Unit filename="src/steam/isteamugc.h" />
		<Unit filename="src/steam/isteamuser.h" />
		<Unit filename="src/steam/isteamuserstats.h" />
		<Unit filename="src/steam/isteamutils.h" />
		<Unit filename="src/steam/isteamvideo.h" />
		<Unit filename="src/steam/matchmakingtypes.h" />
		<Unit filename="src/steam/steam_api.h" />
		<Unit filename="src/steam/steam_api_internal.h" />
		<Unit filename="src/steam/steam_gameserver.h" />
		<Unit filename="src/steam/steamclientpublic.h" />
		<Unit filename="src/steam/steamencryptedappticket.h" />
		<Unit filename="src/steam/steamhttpenums.h" />
		<Unit filename="src/steam/steamps3params.h" />
		<Unit filename="src/steam/steamtypes.h" />
		<Unit filename="src/steam/steamuniverse.h" />
		<Unit filename="src/uiinputmaprosa.cpp" />
		<Unit filename="src/uiinputmaprosa.h" />
		<Extensions>
			<code_completion />
			<debugger />
		</Extensions>
	</Project>
</CodeBlocks_project_file>
